{
  "version": 4,
  "terraform_version": "1.7.3",
  "serial": 24,
  "lineage": "c0fcc71f-d5c3-f7a9-110f-ee36ecc74131",
  "outputs": {},
  "resources": [
    {
      "mode": "managed",
      "type": "local_file",
      "name": "foo",
      "provider": "provider[\"registry.terraform.io/hashicorp/local\"]",
      "instances": [
        {
          "schema_version": 0,
          "attributes": {
            "content": "How a local file works",
            "content_base64": null,
            "content_base64sha256": "3cpl6h1ki3+lkEAuG4pgSpx4lY7ZkxBWgTrKP1hfM84=",
            "content_base64sha512": "4gWJU84aaPsRFQpnqOSckAHPtLZqO8pTl5RXEwCzSE8XzdL6oNGLn97b3CnI/KebRHHZ2U7JDQtdrbXR3aFH0A==",
            "content_md5": "75c407be6c5b2121e4316838c5de439d",
            "content_sha1": "c2c7a04639dff1ad3aba17ca401babdba4558435",
            "content_sha256": "ddca65ea1d648b7fa590402e1b8a604a9c78958ed9931056813aca3f585f33ce",
            "content_sha512": "e2058953ce1a68fb11150a67a8e49c9001cfb4b66a3bca539794571300b3484f17cdd2faa0d18b9fdedbdc29c8fca79b4471d9d94ec90d0b5dadb5d1dda147d0",
            "directory_permission": "0777",
            "file_permission": "644",
            "filename": "./files/test.txt",
            "id": "c2c7a04639dff1ad3aba17ca401babdba4558435",
            "sensitive_content": null,
            "source": null
          },
          "sensitive_attributes": []
        }
      ]
    }
  ],
  "check_results": null
}
