{
  "version": 4,
  "terraform_version": "1.7.3",
  "serial": 26,
  "lineage": "c0fcc71f-d5c3-f7a9-110f-ee36ecc74131",
  "outputs": {},
  "resources": [
    {
      "mode": "managed",
      "type": "local_file",
      "name": "foo",
      "provider": "provider[\"registry.terraform.io/hashicorp/local\"]",
      "instances": [
        {
          "schema_version": 0,
          "attributes": {
            "content": "How a local file works",
            "content_base64": null,
            "content_base64sha256": "3cpl6h1ki3+lkEAuG4pgSpx4lY7ZkxBWgTrKP1hfM84=",
            "content_base64sha512": "4gWJU84aaPsRFQpnqOSckAHPtLZqO8pTl5RXEwCzSE8XzdL6oNGLn97b3CnI/KebRHHZ2U7JDQtdrbXR3aFH0A==",
            "content_md5": "75c407be6c5b2121e4316838c5de439d",
            "content_sha1": "c2c7a04639dff1ad3aba17ca401babdba4558435",
            "content_sha256": "ddca65ea1d648b7fa590402e1b8a604a9c78958ed9931056813aca3f585f33ce",
            "content_sha512": "e2058953ce1a68fb11150a67a8e49c9001cfb4b66a3bca539794571300b3484f17cdd2faa0d18b9fdedbdc29c8fca79b4471d9d94ec90d0b5dadb5d1dda147d0",
            "directory_permission": "0777",
            "file_permission": "644",
            "filename": "./files/test.txt",
            "id": "c2c7a04639dff1ad3aba17ca401babdba4558435",
            "sensitive_content": null,
            "source": null
          },
          "sensitive_attributes": []
        }
      ]
    },
    {
      "mode": "managed",
      "type": "local_file",
      "name": "name",
      "provider": "provider[\"registry.terraform.io/hashicorp/local\"]",
      "instances": [
        {
          "schema_version": 0,
          "attributes": {
            "content": "path.module: .",
            "content_base64": null,
            "content_base64sha256": "ym2fbicMNNphlZO6BnymUK2CcZcKa7O+sQA3IEMwWHU=",
            "content_base64sha512": "yR77RF84DBF/GdHimalCUsWEtpdnie/13L8I3l1oB483c6gJP4+umeNROk6R6N7emrb5QaUrRUj6J/IXEGTMNA==",
            "content_md5": "5e36a898a7bf74e855117814a80513d9",
            "content_sha1": "dadf377bbc297701cfd61f10fc4d7e8f6dc8c897",
            "content_sha256": "ca6d9f6e270c34da619593ba067ca650ad8271970a6bb3beb100372043305875",
            "content_sha512": "c91efb445f380c117f19d1e299a94252c584b6976789eff5dcbf08de5d68078f3773a8093f8fae99e3513a4e91e8dede9ab6f941a52b4548fa27f2171064cc34",
            "directory_permission": "0777",
            "file_permission": "0777",
            "filename": "./files/file.txt",
            "id": "dadf377bbc297701cfd61f10fc4d7e8f6dc8c897",
            "sensitive_content": null,
            "source": null
          },
          "sensitive_attributes": []
        }
      ]
    }
  ],
  "check_results": null
}
